
Microsoft Visual Studio Solution File, Format Version 12.00
# Visual Studio Version 16
VisualStudioVersion = 16.0.30310.162
MinimumVisualStudioVersion = 10.0.40219.1
Project("{9A19103F-16F7-4668-BE54-9A1E7A4F7556}") = "csharp9", "csharp9.csproj", "{8EF2D85C-42E2-43A4-8011-ECCE23170202}"
EndProject
Project("{FAE04EC0-301F-11D3-BF4B-00C04F79EFBC}") = "csharp9.Tests.Unit", "..\csharp9.Tests.Unit\csharp9.Tests.Unit.csproj", "{C531B451-47DD-4BD6-94E8-05027B5C6499}"
EndProject
Global
	GlobalSection(SolutionConfigurationPlatforms) = preSolution
		Debug|Any CPU = Debug|Any CPU
		Release|Any CPU = Release|Any CPU
	EndGlobalSection
	GlobalSection(ProjectConfigurationPlatforms) = postSolution
		{8EF2D85C-42E2-43A4-8011-ECCE23170202}.Debug|Any CPU.ActiveCfg = Debug|Any CPU
		{8EF2D85C-42E2-43A4-8011-ECCE23170202}.Debug|Any CPU.Build.0 = Debug|Any CPU
		{8EF2D85C-42E2-43A4-8011-ECCE23170202}.Release|Any CPU.ActiveCfg = Release|Any CPU
		{8EF2D85C-42E2-43A4-8011-ECCE23170202}.Release|Any CPU.Build.0 = Release|Any CPU
		{C531B451-47DD-4BD6-94E8-05027B5C6499}.Debug|Any CPU.ActiveCfg = Debug|Any CPU
		{C531B451-47DD-4BD6-94E8-05027B5C6499}.Debug|Any CPU.Build.0 = Debug|Any CPU
		{C531B451-47DD-4BD6-94E8-05027B5C6499}.Release|Any CPU.ActiveCfg = Release|Any CPU
		{C531B451-47DD-4BD6-94E8-05027B5C6499}.Release|Any CPU.Build.0 = Release|Any CPU
	EndGlobalSection
	GlobalSection(SolutionProperties) = preSolution
		HideSolutionNode = FALSE
	EndGlobalSection
	GlobalSection(ExtensibilityGlobals) = postSolution
		SolutionGuid = {8CC761BD-3D6C-4BCE-8959-1BFF3E23E0AE}
	EndGlobalSection
EndGlobal
